
Microsoft Visual Studio Solution File, Format Version 12.00
# Visual Studio 15
VisualStudioVersion = 15.0.28010.2003
MinimumVisualStudioVersion = 10.0.40219.1
Project("{FAE04EC0-301F-11D3-BF4B-00C04F79EFBC}") = "AdsWebApi", "AdsWebApi\AdsWebApi.csproj", "{0A6E91E9-E91E-4787-B56B-73A0934BEB3E}"
EndProject
Project("{2150E333-8FDC-42A3-9474-1A3956D46DE8}") = "Service Tier", "Service Tier", "{AA4A1977-29AE-4E8D-9999-B880C0E04134}"
EndProject
Project("{FAE04EC0-301F-11D3-BF4B-00C04F79EFBC}") = "AppServices", "AppServices\AppServices.csproj", "{C9D8ED80-A99A-4D6F-B1AA-5D5EB9D6088D}"
EndProject
Project("{2150E333-8FDC-42A3-9474-1A3956D46DE8}") = "WebApiServices", "WebApiServices", "{B10DEE42-6D63-47B8-B015-54BA79425D89}"
EndProject
Project("{FAE04EC0-301F-11D3-BF4B-00C04F79EFBC}") = "Ads.Contracts", "WebApi.Contracts\Ads.Contracts.csproj", "{482AE43F-808C-4A28-A17E-6A4BFBE78E70}"
EndProject
Project("{FAE04EC0-301F-11D3-BF4B-00C04F79EFBC}") = "Domain", "Domain\Domain.csproj", "{2E2CF2BC-DD34-4686-8F90-02DC3EC45DD0}"
EndProject
Project("{FAE04EC0-301F-11D3-BF4B-00C04F79EFBC}") = "Domain.Data", "Domain.Data\Domain.Data.csproj", "{F1E6D148-95BC-4525-B959-393327EDEE35}"
EndProject
Project("{2150E333-8FDC-42A3-9474-1A3956D46DE8}") = "WebUI", "WebUI", "{09E829C0-99D6-4630-AF03-AE7925A377AB}"
EndProject
Project("{2150E333-8FDC-42A3-9474-1A3956D46DE8}") = "Common", "Common", "{1609E221-11A0-480D-B15A-5850304B0EBB}"
EndProject
Project("{2150E333-8FDC-42A3-9474-1A3956D46DE8}") = "ComponentRegistrar", "ComponentRegistrar", "{F574E935-C241-49BA-BE55-DF24847105B2}"
EndProject
Project("{FAE04EC0-301F-11D3-BF4B-00C04F79EFBC}") = "WebApi.ComponentRegistrar", "WebApi.ComponentRegistrar\WebApi.ComponentRegistrar.csproj", "{7346BDF7-E0D9-448B-B857-9A9C16A291BC}"
EndProject
Project("{2150E333-8FDC-42A3-9474-1A3956D46DE8}") = "Tests", "Tests", "{E69B2705-49CC-4478-B2F0-368433801F2D}"
EndProject
Project("{FAE04EC0-301F-11D3-BF4B-00C04F79EFBC}") = "Ads.Tests", "Ads.Tests\Ads.Tests.csproj", "{B6DF811D-3A80-446F-9306-1F640C738288}"
EndProject
Project("{FAE04EC0-301F-11D3-BF4B-00C04F79EFBC}") = "Ads.WebUI", "Ads.WebUI\Ads.WebUI.csproj", "{3480EF56-10A4-47FE-B69C-42CB477DE4B9}"
EndProject
Global
	GlobalSection(SolutionConfigurationPlatforms) = preSolution
		Debug|Any CPU = Debug|Any CPU
		Release|Any CPU = Release|Any CPU
	EndGlobalSection
	GlobalSection(ProjectConfigurationPlatforms) = postSolution
		{0A6E91E9-E91E-4787-B56B-73A0934BEB3E}.Debug|Any CPU.ActiveCfg = Debug|Any CPU
		{0A6E91E9-E91E-4787-B56B-73A0934BEB3E}.Debug|Any CPU.Build.0 = Debug|Any CPU
		{0A6E91E9-E91E-4787-B56B-73A0934BEB3E}.Release|Any CPU.ActiveCfg = Release|Any CPU
		{0A6E91E9-E91E-4787-B56B-73A0934BEB3E}.Release|Any CPU.Build.0 = Release|Any CPU
		{C9D8ED80-A99A-4D6F-B1AA-5D5EB9D6088D}.Debug|Any CPU.ActiveCfg = Debug|Any CPU
		{C9D8ED80-A99A-4D6F-B1AA-5D5EB9D6088D}.Debug|Any CPU.Build.0 = Debug|Any CPU
		{C9D8ED80-A99A-4D6F-B1AA-5D5EB9D6088D}.Release|Any CPU.ActiveCfg = Release|Any CPU
		{C9D8ED80-A99A-4D6F-B1AA-5D5EB9D6088D}.Release|Any CPU.Build.0 = Release|Any CPU
		{482AE43F-808C-4A28-A17E-6A4BFBE78E70}.Debug|Any CPU.ActiveCfg = Debug|Any CPU
		{482AE43F-808C-4A28-A17E-6A4BFBE78E70}.Debug|Any CPU.Build.0 = Debug|Any CPU
		{482AE43F-808C-4A28-A17E-6A4BFBE78E70}.Release|Any CPU.ActiveCfg = Release|Any CPU
		{482AE43F-808C-4A28-A17E-6A4BFBE78E70}.Release|Any CPU.Build.0 = Release|Any CPU
		{2E2CF2BC-DD34-4686-8F90-02DC3EC45DD0}.Debug|Any CPU.ActiveCfg = Debug|Any CPU
		{2E2CF2BC-DD34-4686-8F90-02DC3EC45DD0}.Debug|Any CPU.Build.0 = Debug|Any CPU
		{2E2CF2BC-DD34-4686-8F90-02DC3EC45DD0}.Release|Any CPU.ActiveCfg = Release|Any CPU
		{2E2CF2BC-DD34-4686-8F90-02DC3EC45DD0}.Release|Any CPU.Build.0 = Release|Any CPU
		{F1E6D148-95BC-4525-B959-393327EDEE35}.Debug|Any CPU.ActiveCfg = Debug|Any CPU
		{F1E6D148-95BC-4525-B959-393327EDEE35}.Debug|Any CPU.Build.0 = Debug|Any CPU
		{F1E6D148-95BC-4525-B959-393327EDEE35}.Release|Any CPU.ActiveCfg = Release|Any CPU
		{F1E6D148-95BC-4525-B959-393327EDEE35}.Release|Any CPU.Build.0 = Release|Any CPU
		{7346BDF7-E0D9-448B-B857-9A9C16A291BC}.Debug|Any CPU.ActiveCfg = Debug|Any CPU
		{7346BDF7-E0D9-448B-B857-9A9C16A291BC}.Debug|Any CPU.Build.0 = Debug|Any CPU
		{7346BDF7-E0D9-448B-B857-9A9C16A291BC}.Release|Any CPU.ActiveCfg = Release|Any CPU
		{7346BDF7-E0D9-448B-B857-9A9C16A291BC}.Release|Any CPU.Build.0 = Release|Any CPU
		{B6DF811D-3A80-446F-9306-1F640C738288}.Debug|Any CPU.ActiveCfg = Debug|Any CPU
		{B6DF811D-3A80-446F-9306-1F640C738288}.Debug|Any CPU.Build.0 = Debug|Any CPU
		{B6DF811D-3A80-446F-9306-1F640C738288}.Release|Any CPU.ActiveCfg = Release|Any CPU
		{B6DF811D-3A80-446F-9306-1F640C738288}.Release|Any CPU.Build.0 = Release|Any CPU
		{3480EF56-10A4-47FE-B69C-42CB477DE4B9}.Debug|Any CPU.ActiveCfg = Debug|Any CPU
		{3480EF56-10A4-47FE-B69C-42CB477DE4B9}.Debug|Any CPU.Build.0 = Debug|Any CPU
		{3480EF56-10A4-47FE-B69C-42CB477DE4B9}.Release|Any CPU.ActiveCfg = Release|Any CPU
		{3480EF56-10A4-47FE-B69C-42CB477DE4B9}.Release|Any CPU.Build.0 = Release|Any CPU
	EndGlobalSection
	GlobalSection(SolutionProperties) = preSolution
		HideSolutionNode = FALSE
	EndGlobalSection
	GlobalSection(NestedProjects) = preSolution
		{0A6E91E9-E91E-4787-B56B-73A0934BEB3E} = {B10DEE42-6D63-47B8-B015-54BA79425D89}
		{C9D8ED80-A99A-4D6F-B1AA-5D5EB9D6088D} = {AA4A1977-29AE-4E8D-9999-B880C0E04134}
		{B10DEE42-6D63-47B8-B015-54BA79425D89} = {AA4A1977-29AE-4E8D-9999-B880C0E04134}
		{482AE43F-808C-4A28-A17E-6A4BFBE78E70} = {B10DEE42-6D63-47B8-B015-54BA79425D89}
		{2E2CF2BC-DD34-4686-8F90-02DC3EC45DD0} = {AA4A1977-29AE-4E8D-9999-B880C0E04134}
		{F1E6D148-95BC-4525-B959-393327EDEE35} = {AA4A1977-29AE-4E8D-9999-B880C0E04134}
		{1609E221-11A0-480D-B15A-5850304B0EBB} = {AA4A1977-29AE-4E8D-9999-B880C0E04134}
		{F574E935-C241-49BA-BE55-DF24847105B2} = {AA4A1977-29AE-4E8D-9999-B880C0E04134}
		{7346BDF7-E0D9-448B-B857-9A9C16A291BC} = {F574E935-C241-49BA-BE55-DF24847105B2}
		{E69B2705-49CC-4478-B2F0-368433801F2D} = {AA4A1977-29AE-4E8D-9999-B880C0E04134}
		{B6DF811D-3A80-446F-9306-1F640C738288} = {E69B2705-49CC-4478-B2F0-368433801F2D}
		{3480EF56-10A4-47FE-B69C-42CB477DE4B9} = {09E829C0-99D6-4630-AF03-AE7925A377AB}
	EndGlobalSection
	GlobalSection(ExtensibilityGlobals) = postSolution
		SolutionGuid = {FF1CD632-BBCA-48FB-9332-68534A5823FF}
	EndGlobalSection
EndGlobal
